
Microsoft Visual Studio Solution File, Format Version 12.00
# Visual Studio 15
VisualStudioVersion = 15.0.27428.2037
MinimumVisualStudioVersion = 10.0.40219.1
Project("{FAE04EC0-301F-11D3-BF4B-00C04F79EFBC}") = "TestSPA", "SensitiveTest\TestSPA.csproj", "{5E2D271B-5F76-485E-8138-97DE235CEFCF}"
EndProject
Global
	GlobalSection(SolutionConfigurationPlatforms) = preSolution
		Debug|Any CPU = Debug|Any CPU
		Release|Any CPU = Release|Any CPU
	EndGlobalSection
	GlobalSection(ProjectConfigurationPlatforms) = postSolution
		{5E2D271B-5F76-485E-8138-97DE235CEFCF}.Debug|Any CPU.ActiveCfg = Debug|Any CPU
		{5E2D271B-5F76-485E-8138-97DE235CEFCF}.Debug|Any CPU.Build.0 = Debug|Any CPU
		{5E2D271B-5F76-485E-8138-97DE235CEFCF}.Release|Any CPU.ActiveCfg = Release|Any CPU
		{5E2D271B-5F76-485E-8138-97DE235CEFCF}.Release|Any CPU.Build.0 = Release|Any CPU
	EndGlobalSection
	GlobalSection(SolutionProperties) = preSolution
		HideSolutionNode = FALSE
	EndGlobalSection
	GlobalSection(ExtensibilityGlobals) = postSolution
		SolutionGuid = {E983759A-74D8-4806-ACEC-E36803C67373}
	EndGlobalSection
EndGlobal
